
Microsoft Visual Studio Solution File, Format Version 11.00
# Visual Studio 2010
# SharpDevelop 4.4
Project("{FAE04EC0-301F-11D3-BF4B-00C04F79EFBC}") = "扑克牌游戏", "扑克牌\扑克牌游戏.csproj", "{088121BF-3AFA-44C3-B2EC-5779C06F9F8B}"
EndProject
Global
	GlobalSection(SolutionConfigurationPlatforms) = preSolution
		Debug|Any CPU = Debug|Any CPU
		Release|Any CPU = Release|Any CPU
	EndGlobalSection
	GlobalSection(ProjectConfigurationPlatforms) = postSolution
		{088121BF-3AFA-44C3-B2EC-5779C06F9F8B}.Debug|Any CPU.Build.0 = Debug|Any CPU
		{088121BF-3AFA-44C3-B2EC-5779C06F9F8B}.Debug|Any CPU.ActiveCfg = Debug|Any CPU
		{088121BF-3AFA-44C3-B2EC-5779C06F9F8B}.Release|Any CPU.Build.0 = Release|Any CPU
		{088121BF-3AFA-44C3-B2EC-5779C06F9F8B}.Release|Any CPU.ActiveCfg = Release|Any CPU
	EndGlobalSection
EndGlobal
